
Microsoft Visual Studio Solution File, Format Version 12.00
# Visual Studio 2012
Project("{2150E333-8FDC-42A3-9474-1A3956D46DE8}") = "Solution Items", "Solution Items", "{81F67F4F-EEA0-485F-A057-EE4228E370A4}"
	ProjectSection(SolutionItems) = preProject
		Local.testsettings = Local.testsettings
		TheRevenge.SDD.vsmdi = TheRevenge.SDD.vsmdi
		TraceAndTestImpact.testsettings = TraceAndTestImpact.testsettings
	EndProjectSection
EndProject
Project("{FAE04EC0-301F-11D3-BF4B-00C04F79EFBC}") = "TheRevenge.SOAP", "TheRevenge.SOAP\TheRevenge.SOAP.csproj", "{3EF065D3-68C9-4F98-B4A2-AE9F38812231}"
EndProject
Project("{FAE04EC0-301F-11D3-BF4B-00C04F79EFBC}") = "TheRevenge.Data", "TheRevenge.Data\TheRevenge.Data.csproj", "{A18A95FA-1E37-4DBF-B3B6-FA2ED2AB0C71}"
EndProject
Project("{FAE04EC0-301F-11D3-BF4B-00C04F79EFBC}") = "TheRevenge.SOAPTest", "TheRevenge.SOAPTest\TheRevenge.SOAPTest.csproj", "{BB539ECD-D595-4E6C-A460-8240624BF524}"
	ProjectSection(ProjectDependencies) = postProject
		{3EF065D3-68C9-4F98-B4A2-AE9F38812231} = {3EF065D3-68C9-4F98-B4A2-AE9F38812231}
	EndProjectSection
EndProject
Global
	GlobalSection(SubversionScc) = preSolution
		Svn-Managed = True
		Manager = AnkhSVN - Subversion Support for Visual Studio
	EndGlobalSection
	GlobalSection(TestCaseManagementSettings) = postSolution
		CategoryFile = TheRevenge.SDD.vsmdi
	EndGlobalSection
	GlobalSection(SolutionConfigurationPlatforms) = preSolution
		Debug|Any CPU = Debug|Any CPU
		Release|Any CPU = Release|Any CPU
	EndGlobalSection
	GlobalSection(ProjectConfigurationPlatforms) = postSolution
		{3EF065D3-68C9-4F98-B4A2-AE9F38812231}.Debug|Any CPU.ActiveCfg = Debug|Any CPU
		{3EF065D3-68C9-4F98-B4A2-AE9F38812231}.Debug|Any CPU.Build.0 = Debug|Any CPU
		{3EF065D3-68C9-4F98-B4A2-AE9F38812231}.Release|Any CPU.ActiveCfg = Release|Any CPU
		{3EF065D3-68C9-4F98-B4A2-AE9F38812231}.Release|Any CPU.Build.0 = Release|Any CPU
		{A18A95FA-1E37-4DBF-B3B6-FA2ED2AB0C71}.Debug|Any CPU.ActiveCfg = Debug|Any CPU
		{A18A95FA-1E37-4DBF-B3B6-FA2ED2AB0C71}.Debug|Any CPU.Build.0 = Debug|Any CPU
		{A18A95FA-1E37-4DBF-B3B6-FA2ED2AB0C71}.Release|Any CPU.ActiveCfg = Release|Any CPU
		{A18A95FA-1E37-4DBF-B3B6-FA2ED2AB0C71}.Release|Any CPU.Build.0 = Release|Any CPU
		{BB539ECD-D595-4E6C-A460-8240624BF524}.Debug|Any CPU.ActiveCfg = Debug|Any CPU
		{BB539ECD-D595-4E6C-A460-8240624BF524}.Debug|Any CPU.Build.0 = Debug|Any CPU
		{BB539ECD-D595-4E6C-A460-8240624BF524}.Release|Any CPU.ActiveCfg = Release|Any CPU
		{BB539ECD-D595-4E6C-A460-8240624BF524}.Release|Any CPU.Build.0 = Release|Any CPU
	EndGlobalSection
	GlobalSection(SolutionProperties) = preSolution
		HideSolutionNode = FALSE
	EndGlobalSection
EndGlobal
